
Microsoft Visual Studio Solution File, Format Version 12.00
# Visual Studio 2017
Project("{FAE04EC0-301F-11D3-BF4B-00C04F79EFBC}") = "BattleGrounds", "BattleGrounds.csproj", "{F1567A4B-C061-93C6-D37F-6FACF6CE8E80}"
EndProject
Project("{FAE04EC0-301F-11D3-BF4B-00C04F79EFBC}") = "BattleGrounds.Plugins", "BattleGrounds.Plugins.csproj", "{FC74E34B-10F8-F993-6FF1-65E36FA5A422}"
EndProject
Project("{FAE04EC0-301F-11D3-BF4B-00C04F79EFBC}") = "BattleGrounds.Editor", "BattleGrounds.Editor.csproj", "{2D964DF3-354D-B70A-A033-8C2E30ABC2D3}"
EndProject
Global
	GlobalSection(SolutionConfigurationPlatforms) = preSolution
		Debug|Any CPU = Debug|Any CPU
		Release|Any CPU = Release|Any CPU
	EndGlobalSection
	GlobalSection(ProjectConfigurationPlatforms) = postSolution
		{F1567A4B-C061-93C6-D37F-6FACF6CE8E80}.Debug|Any CPU.ActiveCfg = Debug|Any CPU
		{F1567A4B-C061-93C6-D37F-6FACF6CE8E80}.Debug|Any CPU.Build.0 = Debug|Any CPU
		{F1567A4B-C061-93C6-D37F-6FACF6CE8E80}.Release|Any CPU.ActiveCfg = Release|Any CPU
		{F1567A4B-C061-93C6-D37F-6FACF6CE8E80}.Release|Any CPU.Build.0 = Release|Any CPU
		{FC74E34B-10F8-F993-6FF1-65E36FA5A422}.Debug|Any CPU.ActiveCfg = Debug|Any CPU
		{FC74E34B-10F8-F993-6FF1-65E36FA5A422}.Debug|Any CPU.Build.0 = Debug|Any CPU
		{FC74E34B-10F8-F993-6FF1-65E36FA5A422}.Release|Any CPU.ActiveCfg = Release|Any CPU
		{FC74E34B-10F8-F993-6FF1-65E36FA5A422}.Release|Any CPU.Build.0 = Release|Any CPU
		{2D964DF3-354D-B70A-A033-8C2E30ABC2D3}.Debug|Any CPU.ActiveCfg = Debug|Any CPU
		{2D964DF3-354D-B70A-A033-8C2E30ABC2D3}.Debug|Any CPU.Build.0 = Debug|Any CPU
		{2D964DF3-354D-B70A-A033-8C2E30ABC2D3}.Release|Any CPU.ActiveCfg = Release|Any CPU
		{2D964DF3-354D-B70A-A033-8C2E30ABC2D3}.Release|Any CPU.Build.0 = Release|Any CPU
	EndGlobalSection
	GlobalSection(SolutionProperties) = preSolution
		HideSolutionNode = FALSE
	EndGlobalSection
EndGlobal
